{
  "name": "eimas",
  "version": "1.0.0",
  "lockfileVersion": 3,
  "requires": true,
  "packages": {
    "": {
      "name": "eimas",
      "version": "1.0.0",
      "license": "ISC",
      "dependencies": {
        "v0-sdk": "^0.15.3"
      }
    },
    "node_modules/v0-sdk": {
      "version": "0.15.3",
      "resolved": "https://registry.npmjs.org/v0-sdk/-/v0-sdk-0.15.3.tgz",
      "integrity": "sha512-5bjDWTt9OTdOWaT4iH0wtyi9Cji8R4woV+fYxsz1sfRFvi9GzZ0t1LwwIgphatSXhT2n9VjuTWeYjn3EVz0YKA==",
      "license": "Apache-2.0",
      "engines": {
        "node": ">=22",
        "pnpm": ">=9"
      }
    }
  }
}
